// !$*UTF8*$!
{
	archiveVersion = 1;
	classes = {
	};
	objectVersion = 46;
	objects = {

/* Begin PBXBuildFile section */
		155EB0BE1B508F21001AC03F /* ZODetailViewController.m in Sources */ = {isa = PBXBuildFile; fileRef = 155EB0BD1B508F21001AC03F /* ZODetailViewController.m */; };
		159D1F341B50882400B6E502 /* main.m in Sources */ = {isa = PBXBuildFile; fileRef = 159D1F331B50882400B6E502 /* main.m */; };
		159D1F371B50882400B6E502 /* ZOAppDelegate.m in Sources */ = {isa = PBXBuildFile; fileRef = 159D1F361B50882400B6E502 /* ZOAppDelegate.m */; };
		159D1F3A1B50882400B6E502 /* ZOMasterViewController.m in Sources */ = {isa = PBXBuildFile; fileRef = 159D1F391B50882400B6E502 /* ZOMasterViewController.m */; };
		159D1F3F1B50882400B6E502 /* Images.xcassets in Resources */ = {isa = PBXBuildFile; fileRef = 159D1F3E1B50882400B6E502 /* Images.xcassets */; };
		15E90B721B509A7700DC6A61 /* ZOProduct.m in Sources */ = {isa = PBXBuildFile; fileRef = 15E90B711B509A7700DC6A61 /* ZOProduct.m */; };
		15E90B751B509BCC00DC6A61 /* ZOZolaZoomTransition.m in Sources */ = {isa = PBXBuildFile; fileRef = 15E90B741B509BCC00DC6A61 /* ZOZolaZoomTransition.m */; };
/* End PBXBuildFile section */

/* Begin PBXFileReference section */
		155EB0BC1B508F21001AC03F /* ZODetailViewController.h */ = {isa = PBXFileReference; fileEncoding = 4; lastKnownFileType = sourcecode.c.h; name = ZODetailViewController.h; path = Demo/ZODetailViewController.h; sourceTree = SOURCE_ROOT; };
		155EB0BD1B508F21001AC03F /* ZODetailViewController.m */ = {isa = PBXFileReference; fileEncoding = 4; lastKnownFileType = sourcecode.c.objc; name = ZODetailViewController.m; path = Demo/ZODetailViewController.m; sourceTree = SOURCE_ROOT; };
		159D1F2E1B50882400B6E502 /* ZOZolaZoomTransition.app */ = {isa = PBXFileReference; explicitFileType = wrapper.application; includeInIndex = 0; path = ZOZolaZoomTransition.app; sourceTree = BUILT_PRODUCTS_DIR; };
		159D1F321B50882400B6E502 /* Info.plist */ = {isa = PBXFileReference; lastKnownFileType = text.plist.xml; name = Info.plist; path = ../Demo/Info.plist; sourceTree = "<group>"; };
		159D1F331B50882400B6E502 /* main.m */ = {isa = PBXFileReference; lastKnownFileType = sourcecode.c.objc; name = main.m; path = ../Demo/main.m; sourceTree = "<group>"; };
		159D1F351B50882400B6E502 /* ZOAppDelegate.h */ = {isa = PBXFileReference; lastKnownFileType = sourcecode.c.h; name = ZOAppDelegate.h; path = ../Demo/ZOAppDelegate.h; sourceTree = "<group>"; };
		159D1F361B50882400B6E502 /* ZOAppDelegate.m */ = {isa = PBXFileReference; lastKnownFileType = sourcecode.c.objc; name = ZOAppDelegate.m; path = ../Demo/ZOAppDelegate.m; sourceTree = "<group>"; };
		159D1F381B50882400B6E502 /* ZOMasterViewController.h */ = {isa = PBXFileReference; lastKnownFileType = sourcecode.c.h; name = ZOMasterViewController.h; path = ../Demo/ZOMasterViewController.h; sourceTree = "<group>"; };
		159D1F391B50882400B6E502 /* ZOMasterViewController.m */ = {isa = PBXFileReference; lastKnownFileType = sourcecode.c.objc; name = ZOMasterViewController.m; path = ../Demo/ZOMasterViewController.m; sourceTree = "<group>"; };
		159D1F3E1B50882400B6E502 /* Images.xcassets */ = {isa = PBXFileReference; lastKnownFileType = folder.assetcatalog; name = Images.xcassets; path = ../Demo/Images.xcassets; sourceTree = "<group>"; };
		15E90B701B509A7700DC6A61 /* ZOProduct.h */ = {isa = PBXFileReference; fileEncoding = 4; lastKnownFileType = sourcecode.c.h; name = ZOProduct.h; path = Demo/ZOProduct.h; sourceTree = SOURCE_ROOT; };
		15E90B711B509A7700DC6A61 /* ZOProduct.m */ = {isa = PBXFileReference; fileEncoding = 4; lastKnownFileType = sourcecode.c.objc; name = ZOProduct.m; path = Demo/ZOProduct.m; sourceTree = SOURCE_ROOT; };
		15E90B731B509BCC00DC6A61 /* ZOZolaZoomTransition.h */ = {isa = PBXFileReference; fileEncoding = 4; lastKnownFileType = sourcecode.c.h; path = ZOZolaZoomTransition.h; sourceTree = "<group>"; };
		15E90B741B509BCC00DC6A61 /* ZOZolaZoomTransition.m */ = {isa = PBXFileReference; fileEncoding = 4; lastKnownFileType = sourcecode.c.objc; path = ZOZolaZoomTransition.m; sourceTree = "<group>"; };
/* End PBXFileReference section */

/* Begin PBXFrameworksBuildPhase section */
		159D1F2B1B50882400B6E502 /* Frameworks */ = {
			isa = PBXFrameworksBuildPhase;
			buildActionMask = 2147483647;
			files = (
			);
			runOnlyForDeploymentPostprocessing = 0;
		};
/* End PBXFrameworksBuildPhase section */

/* Begin PBXGroup section */
		159D1F251B50882400B6E502 = {
			isa = PBXGroup;
			children = (
				159D1F301B50882400B6E502 /* ZOZolaZoomTransition */,
				159D1F571B50882B00B6E502 /* Demo */,
				159D1F2F1B50882400B6E502 /* Products */,
			);
			sourceTree = "<group>";
		};
		159D1F2F1B50882400B6E502 /* Products */ = {
			isa = PBXGroup;
			children = (
				159D1F2E1B50882400B6E502 /* ZOZolaZoomTransition.app */,
			);
			name = Products;
			sourceTree = "<group>";
		};
		159D1F301B50882400B6E502 /* ZOZolaZoomTransition */ = {
			isa = PBXGroup;
			children = (
				15E90B731B509BCC00DC6A61 /* ZOZolaZoomTransition.h */,
				15E90B741B509BCC00DC6A61 /* ZOZolaZoomTransition.m */,
			);
			path = ZOZolaZoomTransition;
			sourceTree = "<group>";
		};
		159D1F311B50882400B6E502 /* Supporting Files */ = {
			isa = PBXGroup;
			children = (
				159D1F321B50882400B6E502 /* Info.plist */,
				159D1F331B50882400B6E502 /* main.m */,
			);
			name = "Supporting Files";
			sourceTree = "<group>";
		};
		159D1F571B50882B00B6E502 /* Demo */ = {
			isa = PBXGroup;
			children = (
				159D1F351B50882400B6E502 /* ZOAppDelegate.h */,
				159D1F361B50882400B6E502 /* ZOAppDelegate.m */,
				159D1F381B50882400B6E502 /* ZOMasterViewController.h */,
				159D1F391B50882400B6E502 /* ZOMasterViewController.m */,
				155EB0BC1B508F21001AC03F /* ZODetailViewController.h */,
				155EB0BD1B508F21001AC03F /* ZODetailViewController.m */,
				15E90B701B509A7700DC6A61 /* ZOProduct.h */,
				15E90B711B509A7700DC6A61 /* ZOProduct.m */,
				159D1F581B50884D00B6E502 /* Resources */,
				159D1F311B50882400B6E502 /* Supporting Files */,
			);
			name = Demo;
			path = ZOZolaZoomTransition;
			sourceTree = "<group>";
		};
		159D1F581B50884D00B6E502 /* Resources */ = {
			isa = PBXGroup;
			children = (
				159D1F3E1B50882400B6E502 /* Images.xcassets */,
			);
			name = Resources;
			sourceTree = "<group>";
		};
/* End PBXGroup section */

/* Begin PBXNativeTarget section */
		159D1F2D1B50882400B6E502 /* ZOZolaZoomTransition */ = {
			isa = PBXNativeTarget;
			buildConfigurationList = 159D1F511B50882400B6E502 /* Build configuration list for PBXNativeTarget "ZOZolaZoomTransition" */;
			buildPhases = (
				159D1F2A1B50882400B6E502 /* Sources */,
				159D1F2B1B50882400B6E502 /* Frameworks */,
				159D1F2C1B50882400B6E502 /* Resources */,
			);
			buildRules = (
			);
			dependencies = (
			);
			name = ZOZolaZoomTransition;
			productName = ZOZolaZoomTransition;
			productReference = 159D1F2E1B50882400B6E502 /* ZOZolaZoomTransition.app */;
			productType = "com.apple.product-type.application";
		};
/* End PBXNativeTarget section */

/* Begin PBXProject section */
		159D1F261B50882400B6E502 /* Project object */ = {
			isa = PBXProject;
			attributes = {
				LastUpgradeCheck = 0700;
				ORGANIZATIONNAME = Zola;
				TargetAttributes = {
					159D1F2D1B50882400B6E502 = {
						CreatedOnToolsVersion = 6.4;
					};
				};
			};
			buildConfigurationList = 159D1F291B50882400B6E502 /* Build configuration list for PBXProject "ZOZolaZoomTransition" */;
			compatibilityVersion = "Xcode 3.2";
			developmentRegion = English;
			hasScannedForEncodings = 0;
			knownRegions = (
				en,
				Base,
			);
			mainGroup = 159D1F251B50882400B6E502;
			productRefGroup = 159D1F2F1B50882400B6E502 /* Products */;
			projectDirPath = "";
			projectRoot = "";
			targets = (
				159D1F2D1B50882400B6E502 /* ZOZolaZoomTransition */,
			);
		};
/* End PBXProject section */

/* Begin PBXResourcesBuildPhase section */
		159D1F2C1B50882400B6E502 /* Resources */ = {
			isa = PBXResourcesBuildPhase;
			buildActionMask = 2147483647;
			files = (
				159D1F3F1B50882400B6E502 /* Images.xcassets in Resources */,
			);
			runOnlyForDeploymentPostprocessing = 0;
		};
/* End PBXResourcesBuildPhase section */

/* Begin PBXSourcesBuildPhase section */
		159D1F2A1B50882400B6E502 /* Sources */ = {
			isa = PBXSourcesBuildPhase;
			buildActionMask = 2147483647;
			files = (
				159D1F3A1B50882400B6E502 /* ZOMasterViewController.m in Sources */,
				159D1F371B50882400B6E502 /* ZOAppDelegate.m in Sources */,
				15E90B751B509BCC00DC6A61 /* ZOZolaZoomTransition.m in Sources */,
				155EB0BE1B508F21001AC03F /* ZODetailViewController.m in Sources */,
				159D1F341B50882400B6E502 /* main.m in Sources */,
				15E90B721B509A7700DC6A61 /* ZOProduct.m in Sources */,
			);
			runOnlyForDeploymentPostprocessing = 0;
		};
/* End PBXSourcesBuildPhase section */

/* Begin XCBuildConfiguration section */
		159D1F4F1B50882400B6E502 /* Debug */ = {
			isa = XCBuildConfiguration;
			buildSettings = {
				ALWAYS_SEARCH_USER_PATHS = NO;
				CLANG_CXX_LANGUAGE_STANDARD = "gnu++0x";
				CLANG_CXX_LIBRARY = "libc++";
				CLANG_ENABLE_MODULES = YES;
				CLANG_ENABLE_OBJC_ARC = YES;
				CLANG_WARN_BOOL_CONVERSION = YES;
				CLANG_WARN_CONSTANT_CONVERSION = YES;
				CLANG_WARN_DIRECT_OBJC_ISA_USAGE = YES_ERROR;
				CLANG_WARN_EMPTY_BODY = YES;
				CLANG_WARN_ENUM_CONVERSION = YES;
				CLANG_WARN_INT_CONVERSION = YES;
				CLANG_WARN_OBJC_ROOT_CLASS = YES_ERROR;
				CLANG_WARN_UNREACHABLE_CODE = YES;
				CLANG_WARN__DUPLICATE_METHOD_MATCH = YES;
				"CODE_SIGN_IDENTITY[sdk=iphoneos*]" = "iPhone Developer";
				COPY_PHASE_STRIP = NO;
				DEBUG_INFORMATION_FORMAT = "dwarf-with-dsym";
				ENABLE_STRICT_OBJC_MSGSEND = YES;
				ENABLE_TESTABILITY = YES;
				GCC_C_LANGUAGE_STANDARD = gnu99;
				GCC_DYNAMIC_NO_PIC = NO;
				GCC_NO_COMMON_BLOCKS = YES;
				GCC_OPTIMIZATION_LEVEL = 0;
				GCC_PREPROCESSOR_DEFINITIONS = (
					"DEBUG=1",
					"$(inherited)",
				);
				GCC_SYMBOLS_PRIVATE_EXTERN = NO;
				GCC_WARN_64_TO_32_BIT_CONVERSION = YES;
				GCC_WARN_ABOUT_RETURN_TYPE = YES_ERROR;
				GCC_WARN_UNDECLARED_SELECTOR = YES;
				GCC_WARN_UNINITIALIZED_AUTOS = YES_AGGRESSIVE;
				GCC_WARN_UNUSED_FUNCTION = YES;
				GCC_WARN_UNUSED_VARIABLE = YES;
				INFOPLIST_FILE = "";
				IPHONEOS_DEPLOYMENT_TARGET = 7.0;
				MTL_ENABLE_DEBUG_INFO = YES;
				ONLY_ACTIVE_ARCH = YES;
				SDKROOT = iphoneos;
			};
			name = Debug;
		};
		159D1F501B50882400B6E502 /* Release */ = {
			isa = XCBuildConfiguration;
			buildSettings = {
				ALWAYS_SEARCH_USER_PATHS = NO;
				CLANG_CXX_LANGUAGE_STANDARD = "gnu++0x";
				CLANG_CXX_LIBRARY = "libc++";
				CLANG_ENABLE_MODULES = YES;
				CLANG_ENABLE_OBJC_ARC = YES;
				CLANG_WARN_BOOL_CONVERSION = YES;
				CLANG_WARN_CONSTANT_CONVERSION = YES;
				CLANG_WARN_DIRECT_OBJC_ISA_USAGE = YES_ERROR;
				CLANG_WARN_EMPTY_BODY = YES;
				CLANG_WARN_ENUM_CONVERSION = YES;
				CLANG_WARN_INT_CONVERSION = YES;
				CLANG_WARN_OBJC_ROOT_CLASS = YES_ERROR;
				CLANG_WARN_UNREACHABLE_CODE = YES;
				CLANG_WARN__DUPLICATE_METHOD_MATCH = YES;
				"CODE_SIGN_IDENTITY[sdk=iphoneos*]" = "iPhone Developer";
				COPY_PHASE_STRIP = NO;
				DEBUG_INFORMATION_FORMAT = "dwarf-with-dsym";
				ENABLE_NS_ASSERTIONS = NO;
				ENABLE_STRICT_OBJC_MSGSEND = YES;
				GCC_C_LANGUAGE_STANDARD = gnu99;
				GCC_NO_COMMON_BLOCKS = YES;
				GCC_WARN_64_TO_32_BIT_CONVERSION = YES;
				GCC_WARN_ABOUT_RETURN_TYPE = YES_ERROR;
				GCC_WARN_UNDECLARED_SELECTOR = YES;
				GCC_WARN_UNINITIALIZED_AUTOS = YES_AGGRESSIVE;
				GCC_WARN_UNUSED_FUNCTION = YES;
				GCC_WARN_UNUSED_VARIABLE = YES;
				INFOPLIST_FILE = "";
				IPHONEOS_DEPLOYMENT_TARGET = 7.0;
				MTL_ENABLE_DEBUG_INFO = NO;
				SDKROOT = iphoneos;
				VALIDATE_PRODUCT = YES;
			};
			name = Release;
		};
		159D1F521B50882400B6E502 /* Debug */ = {
			isa = XCBuildConfiguration;
			buildSettings = {
				ASSETCATALOG_COMPILER_APPICON_NAME = AppIcon;
				ASSETCATALOG_COMPILER_LAUNCHIMAGE_NAME = LaunchImage;
				INFOPLIST_FILE = Demo/Info.plist;
				IPHONEOS_DEPLOYMENT_TARGET = 7.0;
				LD_RUNPATH_SEARCH_PATHS = "$(inherited) @executable_path/Frameworks";
				PRODUCT_BUNDLE_IDENTIFIER = "com.zola.zoomtransition.$(PRODUCT_NAME:rfc1034identifier)";
				PRODUCT_NAME = "$(TARGET_NAME)";
			};
			name = Debug;
		};
		159D1F531B50882400B6E502 /* Release */ = {
			isa = XCBuildConfiguration;
			buildSettings = {
				ASSETCATALOG_COMPILER_APPICON_NAME = AppIcon;
				ASSETCATALOG_COMPILER_LAUNCHIMAGE_NAME = LaunchImage;
				INFOPLIST_FILE = Demo/Info.plist;
				IPHONEOS_DEPLOYMENT_TARGET = 7.0;
				LD_RUNPATH_SEARCH_PATHS = "$(inherited) @executable_path/Frameworks";
				PRODUCT_BUNDLE_IDENTIFIER = "com.zola.zoomtransition.$(PRODUCT_NAME:rfc1034identifier)";
				PRODUCT_NAME = "$(TARGET_NAME)";
			};
			name = Release;
		};
/* End XCBuildConfiguration section */

/* Begin XCConfigurationList section */
		159D1F291B50882400B6E502 /* Build configuration list for PBXProject "ZOZolaZoomTransition" */ = {
			isa = XCConfigurationList;
			buildConfigurations = (
				159D1F4F1B50882400B6E502 /* Debug */,
				159D1F501B50882400B6E502 /* Release */,
			);
			defaultConfigurationIsVisible = 0;
			defaultConfigurationName = Release;
		};
		159D1F511B50882400B6E502 /* Build configuration list for PBXNativeTarget "ZOZolaZoomTransition" */ = {
			isa = XCConfigurationList;
			buildConfigurations = (
				159D1F521B50882400B6E502 /* Debug */,
				159D1F531B50882400B6E502 /* Release */,
			);
			defaultConfigurationIsVisible = 0;
			defaultConfigurationName = Release;
		};
/* End XCConfigurationList section */
	};
	rootObject = 159D1F261B50882400B6E502 /* Project object */;
}
